
Microsoft Visual Studio Solution File, Format Version 12.00
# Visual Studio Version 17
VisualStudioVersion = 17.6.33801.468
MinimumVisualStudioVersion = 10.0.40219.1
Project("{FAE04EC0-301F-11D3-BF4B-00C04F79EFBC}") = "WindowsFormsApp3", "WindowsFormsApp3.csproj", "{971871D6-C9EC-44AC-B886-E3810B7BF61E}"
EndProject
Global
	GlobalSection(SolutionConfigurationPlatforms) = preSolution
		Debug|Any CPU = Debug|Any CPU
		Release|Any CPU = Release|Any CPU
	EndGlobalSection
	GlobalSection(ProjectConfigurationPlatforms) = postSolution
		{971871D6-C9EC-44AC-B886-E3810B7BF61E}.Debug|Any CPU.ActiveCfg = Debug|Any CPU
		{971871D6-C9EC-44AC-B886-E3810B7BF61E}.Debug|Any CPU.Build.0 = Debug|Any CPU
		{971871D6-C9EC-44AC-B886-E3810B7BF61E}.Release|Any CPU.ActiveCfg = Release|Any CPU
		{971871D6-C9EC-44AC-B886-E3810B7BF61E}.Release|Any CPU.Build.0 = Release|Any CPU
	EndGlobalSection
	GlobalSection(SolutionProperties) = preSolution
		HideSolutionNode = FALSE
	EndGlobalSection
	GlobalSection(ExtensibilityGlobals) = postSolution
		SolutionGuid = {E9A5055E-9D61-4670-BC6C-FCA3287471F6}
	EndGlobalSection
EndGlobal
