
Microsoft Visual Studio Solution File, Format Version 12.00
# Visual Studio Version 17
VisualStudioVersion = 17.6.33801.468
MinimumVisualStudioVersion = 10.0.40219.1
Project("{FAE04EC0-301F-11D3-BF4B-00C04F79EFBC}") = "Lab Task 2", "Lab Task 2\Lab Task 2.csproj", "{BE3AC096-75E3-4002-9E77-38C5D4A78B50}"
EndProject
Global
	GlobalSection(SolutionConfigurationPlatforms) = preSolution
		Debug|Any CPU = Debug|Any CPU
		Release|Any CPU = Release|Any CPU
	EndGlobalSection
	GlobalSection(ProjectConfigurationPlatforms) = postSolution
		{BE3AC096-75E3-4002-9E77-38C5D4A78B50}.Debug|Any CPU.ActiveCfg = Debug|Any CPU
		{BE3AC096-75E3-4002-9E77-38C5D4A78B50}.Debug|Any CPU.Build.0 = Debug|Any CPU
		{BE3AC096-75E3-4002-9E77-38C5D4A78B50}.Release|Any CPU.ActiveCfg = Release|Any CPU
		{BE3AC096-75E3-4002-9E77-38C5D4A78B50}.Release|Any CPU.Build.0 = Release|Any CPU
	EndGlobalSection
	GlobalSection(SolutionProperties) = preSolution
		HideSolutionNode = FALSE
	EndGlobalSection
	GlobalSection(ExtensibilityGlobals) = postSolution
		SolutionGuid = {FACABB2C-AF24-45B6-8BF4-4D0B8DD7A10B}
	EndGlobalSection
EndGlobal
